# This file is automatically @generated by Poetry 1.5.4 and should not be changed by hand.

[[package]]
name = "board"
version = "1.0"
description = "Standard Board mechanism for Dojo tasks"
optional = false
python-versions = "*"
files = [
    {file = "board-1.0-py2.py3-none-any.whl", hash = "sha256:b97c986d0190a2a5181a7fe28959cd8515520b87f672796e21e1b0d32cc63e2f"},
    {file = "board-1.0.tar.gz", hash = "sha256:cd718c3322a126d86455e24ae0cebb59a567cbdbaf03696391dccf88c8f456d6"},
]

[metadata]
lock-version = "2.0"
python-versions = ">=3.10.0,<3.12"
content-hash = "fcfbe0c8985c68867d1646265b2a49103ad9a2ac5cc6d379e28b8b6985beaa9b"
